// !$*UTF8*$!
{
	archiveVersion = 1;
	classes = {
	};
	objectVersion = 50;
	objects = {

/* Begin PBXBuildFile section */
		BA11107725EDB38E00B85F5B /* AppDelegate.swift in Sources */ = {isa = PBXBuildFile; fileRef = BA11107625EDB38E00B85F5B /* AppDelegate.swift */; };
		BA11107925EDB38E00B85F5B /* SceneDelegate.swift in Sources */ = {isa = PBXBuildFile; fileRef = BA11107825EDB38E00B85F5B /* SceneDelegate.swift */; };
		BA11107B25EDB38E00B85F5B /* HomeContentView.swift in Sources */ = {isa = PBXBuildFile; fileRef = BA11107A25EDB38E00B85F5B /* HomeContentView.swift */; };
		BA11107D25EDB39200B85F5B /* Assets.xcassets in Resources */ = {isa = PBXBuildFile; fileRef = BA11107C25EDB39200B85F5B /* Assets.xcassets */; };
		BA11108025EDB39200B85F5B /* Preview Assets.xcassets in Resources */ = {isa = PBXBuildFile; fileRef = BA11107F25EDB39200B85F5B /* Preview Assets.xcassets */; };
		BA11108325EDB39200B85F5B /* LaunchScreen.storyboard in Resources */ = {isa = PBXBuildFile; fileRef = BA11108125EDB39200B85F5B /* LaunchScreen.storyboard */; };
		BA11108E25EDB39200B85F5B /* PiggyTests.swift in Sources */ = {isa = PBXBuildFile; fileRef = BA11108D25EDB39200B85F5B /* PiggyTests.swift */; };
		BA11109925EDB39200B85F5B /* PiggyUITests.swift in Sources */ = {isa = PBXBuildFile; fileRef = BA11109825EDB39200B85F5B /* PiggyUITests.swift */; };
		BA1110AB25EDB5B100B85F5B /* HomeViewController.swift in Sources */ = {isa = PBXBuildFile; fileRef = BA1110AA25EDB5B100B85F5B /* HomeViewController.swift */; };
		BAEE60F225F94B6C0075F7D4 /* ExploreViewController.swift in Sources */ = {isa = PBXBuildFile; fileRef = BAEE60F125F94B6C0075F7D4 /* ExploreViewController.swift */; };
		BAEE60F425F94BAD0075F7D4 /* CameraViewController.swift in Sources */ = {isa = PBXBuildFile; fileRef = BAEE60F325F94BAD0075F7D4 /* CameraViewController.swift */; };
		BAEE60F625F94BFF0075F7D4 /* ProfileViewController.swift in Sources */ = {isa = PBXBuildFile; fileRef = BAEE60F525F94BFF0075F7D4 /* ProfileViewController.swift */; };
		BAEE60F825F94C190075F7D4 /* NotificationsViewController.swift in Sources */ = {isa = PBXBuildFile; fileRef = BAEE60F725F94C190075F7D4 /* NotificationsViewController.swift */; };
		BAEE60FD25F94C9B0075F7D4 /* LoginViewController.swift in Sources */ = {isa = PBXBuildFile; fileRef = BAEE60FC25F94C9B0075F7D4 /* LoginViewController.swift */; };
		BAEE60FF25F94CCE0075F7D4 /* RegistrationViewController.swift in Sources */ = {isa = PBXBuildFile; fileRef = BAEE60FE25F94CCE0075F7D4 /* RegistrationViewController.swift */; };
		BAEE610125F94CEC0075F7D4 /* PostViewController.swift in Sources */ = {isa = PBXBuildFile; fileRef = BAEE610025F94CEC0075F7D4 /* PostViewController.swift */; };
		BAEE610325F94D220075F7D4 /* EditProfileViewController.swift in Sources */ = {isa = PBXBuildFile; fileRef = BAEE610225F94D220075F7D4 /* EditProfileViewController.swift */; };
		BAEE610525F94D3F0075F7D4 /* SettingsViewController.swift in Sources */ = {isa = PBXBuildFile; fileRef = BAEE610425F94D3F0075F7D4 /* SettingsViewController.swift */; };
		BAEE610725F94D4D0075F7D4 /* ListViewController.swift in Sources */ = {isa = PBXBuildFile; fileRef = BAEE610625F94D4D0075F7D4 /* ListViewController.swift */; };
		BAEE610925F94D5F0075F7D4 /* SearchViewController.swift in Sources */ = {isa = PBXBuildFile; fileRef = BAEE610825F94D5F0075F7D4 /* SearchViewController.swift */; };
		BAEE610B25F94D710075F7D4 /* SearchResultViewController.swift in Sources */ = {isa = PBXBuildFile; fileRef = BAEE610A25F94D710075F7D4 /* SearchResultViewController.swift */; };
		BAEE610D25F94F150075F7D4 /* PublishPostViewController.swift in Sources */ = {isa = PBXBuildFile; fileRef = BAEE610C25F94F150075F7D4 /* PublishPostViewController.swift */; };
		BAEE610F25F94F7C0075F7D4 /* Main.storyboard in Resources */ = {isa = PBXBuildFile; fileRef = BAEE610E25F94F7C0075F7D4 /* Main.storyboard */; };
/* End PBXBuildFile section */

/* Begin PBXContainerItemProxy section */
		BA11108A25EDB39200B85F5B /* PBXContainerItemProxy */ = {
			isa = PBXContainerItemProxy;
			containerPortal = BA11106B25EDB38E00B85F5B /* Project object */;
			proxyType = 1;
			remoteGlobalIDString = BA11107225EDB38E00B85F5B;
			remoteInfo = Piggy;
		};
		BA11109525EDB39200B85F5B /* PBXContainerItemProxy */ = {
			isa = PBXContainerItemProxy;
			containerPortal = BA11106B25EDB38E00B85F5B /* Project object */;
			proxyType = 1;
			remoteGlobalIDString = BA11107225EDB38E00B85F5B;
			remoteInfo = Piggy;
		};
/* End PBXContainerItemProxy section */

/* Begin PBXFileReference section */
		BA11107325EDB38E00B85F5B /* Piggy.app */ = {isa = PBXFileReference; explicitFileType = wrapper.application; includeInIndex = 0; path = Piggy.app; sourceTree = BUILT_PRODUCTS_DIR; };
		BA11107625EDB38E00B85F5B /* AppDelegate.swift */ = {isa = PBXFileReference; lastKnownFileType = sourcecode.swift; path = AppDelegate.swift; sourceTree = "<group>"; };
		BA11107825EDB38E00B85F5B /* SceneDelegate.swift */ = {isa = PBXFileReference; lastKnownFileType = sourcecode.swift; path = SceneDelegate.swift; sourceTree = "<group>"; };
		BA11107A25EDB38E00B85F5B /* HomeContentView.swift */ = {isa = PBXFileReference; lastKnownFileType = sourcecode.swift; path = HomeContentView.swift; sourceTree = "<group>"; };
		BA11107C25EDB39200B85F5B /* Assets.xcassets */ = {isa = PBXFileReference; lastKnownFileType = folder.assetcatalog; path = Assets.xcassets; sourceTree = "<group>"; };
		BA11107F25EDB39200B85F5B /* Preview Assets.xcassets */ = {isa = PBXFileReference; lastKnownFileType = folder.assetcatalog; path = "Preview Assets.xcassets"; sourceTree = "<group>"; };
		BA11108225EDB39200B85F5B /* Base */ = {isa = PBXFileReference; lastKnownFileType = file.storyboard; name = Base; path = Base.lproj/LaunchScreen.storyboard; sourceTree = "<group>"; };
		BA11108425EDB39200B85F5B /* Info.plist */ = {isa = PBXFileReference; lastKnownFileType = text.plist.xml; path = Info.plist; sourceTree = "<group>"; };
		BA11108925EDB39200B85F5B /* PiggyTests.xctest */ = {isa = PBXFileReference; explicitFileType = wrapper.cfbundle; includeInIndex = 0; path = PiggyTests.xctest; sourceTree = BUILT_PRODUCTS_DIR; };
		BA11108D25EDB39200B85F5B /* PiggyTests.swift */ = {isa = PBXFileReference; lastKnownFileType = sourcecode.swift; path = PiggyTests.swift; sourceTree = "<group>"; };
		BA11108F25EDB39200B85F5B /* Info.plist */ = {isa = PBXFileReference; lastKnownFileType = text.plist.xml; path = Info.plist; sourceTree = "<group>"; };
		BA11109425EDB39200B85F5B /* PiggyUITests.xctest */ = {isa = PBXFileReference; explicitFileType = wrapper.cfbundle; includeInIndex = 0; path = PiggyUITests.xctest; sourceTree = BUILT_PRODUCTS_DIR; };
		BA11109825EDB39200B85F5B /* PiggyUITests.swift */ = {isa = PBXFileReference; lastKnownFileType = sourcecode.swift; path = PiggyUITests.swift; sourceTree = "<group>"; };
		BA11109A25EDB39200B85F5B /* Info.plist */ = {isa = PBXFileReference; lastKnownFileType = text.plist.xml; path = Info.plist; sourceTree = "<group>"; };
		BA1110AA25EDB5B100B85F5B /* HomeViewController.swift */ = {isa = PBXFileReference; lastKnownFileType = sourcecode.swift; path = HomeViewController.swift; sourceTree = "<group>"; };
		BAEE60F125F94B6C0075F7D4 /* ExploreViewController.swift */ = {isa = PBXFileReference; explicitFileType = sourcecode.swift; path = ExploreViewController.swift; sourceTree = "<group>"; };
		BAEE60F325F94BAD0075F7D4 /* CameraViewController.swift */ = {isa = PBXFileReference; lastKnownFileType = sourcecode.swift; path = CameraViewController.swift; sourceTree = "<group>"; };
		BAEE60F525F94BFF0075F7D4 /* ProfileViewController.swift */ = {isa = PBXFileReference; lastKnownFileType = sourcecode.swift; path = ProfileViewController.swift; sourceTree = "<group>"; };
		BAEE60F725F94C190075F7D4 /* NotificationsViewController.swift */ = {isa = PBXFileReference; lastKnownFileType = sourcecode.swift; path = NotificationsViewController.swift; sourceTree = "<group>"; };
		BAEE60FC25F94C9B0075F7D4 /* LoginViewController.swift */ = {isa = PBXFileReference; lastKnownFileType = sourcecode.swift; path = LoginViewController.swift; sourceTree = "<group>"; };
		BAEE60FE25F94CCE0075F7D4 /* RegistrationViewController.swift */ = {isa = PBXFileReference; lastKnownFileType = sourcecode.swift; path = RegistrationViewController.swift; sourceTree = "<group>"; };
		BAEE610025F94CEC0075F7D4 /* PostViewController.swift */ = {isa = PBXFileReference; lastKnownFileType = sourcecode.swift; path = PostViewController.swift; sourceTree = "<group>"; };
		BAEE610225F94D220075F7D4 /* EditProfileViewController.swift */ = {isa = PBXFileReference; lastKnownFileType = sourcecode.swift; path = EditProfileViewController.swift; sourceTree = "<group>"; };
		BAEE610425F94D3F0075F7D4 /* SettingsViewController.swift */ = {isa = PBXFileReference; lastKnownFileType = sourcecode.swift; path = SettingsViewController.swift; sourceTree = "<group>"; };
		BAEE610625F94D4D0075F7D4 /* ListViewController.swift */ = {isa = PBXFileReference; lastKnownFileType = sourcecode.swift; path = ListViewController.swift; sourceTree = "<group>"; };
		BAEE610825F94D5F0075F7D4 /* SearchViewController.swift */ = {isa = PBXFileReference; lastKnownFileType = sourcecode.swift; path = SearchViewController.swift; sourceTree = "<group>"; };
		BAEE610A25F94D710075F7D4 /* SearchResultViewController.swift */ = {isa = PBXFileReference; lastKnownFileType = sourcecode.swift; path = SearchResultViewController.swift; sourceTree = "<group>"; };
		BAEE610C25F94F150075F7D4 /* PublishPostViewController.swift */ = {isa = PBXFileReference; lastKnownFileType = sourcecode.swift; path = PublishPostViewController.swift; sourceTree = "<group>"; };
		BAEE610E25F94F7C0075F7D4 /* Main.storyboard */ = {isa = PBXFileReference; lastKnownFileType = file.storyboard; path = Main.storyboard; sourceTree = "<group>"; };
/* End PBXFileReference section */

/* Begin PBXFrameworksBuildPhase section */
		BA11107025EDB38E00B85F5B /* Frameworks */ = {
			isa = PBXFrameworksBuildPhase;
			buildActionMask = 2147483647;
			files = (
			);
			runOnlyForDeploymentPostprocessing = 0;
		};
		BA11108625EDB39200B85F5B /* Frameworks */ = {
			isa = PBXFrameworksBuildPhase;
			buildActionMask = 2147483647;
			files = (
			);
			runOnlyForDeploymentPostprocessing = 0;
		};
		BA11109125EDB39200B85F5B /* Frameworks */ = {
			isa = PBXFrameworksBuildPhase;
			buildActionMask = 2147483647;
			files = (
			);
			runOnlyForDeploymentPostprocessing = 0;
		};
/* End PBXFrameworksBuildPhase section */

/* Begin PBXGroup section */
		BA11106A25EDB38E00B85F5B = {
			isa = PBXGroup;
			children = (
				BA11107525EDB38E00B85F5B /* Piggy */,
				BA11108C25EDB39200B85F5B /* PiggyTests */,
				BA11109725EDB39200B85F5B /* PiggyUITests */,
				BA11107425EDB38E00B85F5B /* Products */,
			);
			sourceTree = "<group>";
		};
		BA11107425EDB38E00B85F5B /* Products */ = {
			isa = PBXGroup;
			children = (
				BA11107325EDB38E00B85F5B /* Piggy.app */,
				BA11108925EDB39200B85F5B /* PiggyTests.xctest */,
				BA11109425EDB39200B85F5B /* PiggyUITests.xctest */,
			);
			name = Products;
			sourceTree = "<group>";
		};
		BA11107525EDB38E00B85F5B /* Piggy */ = {
			isa = PBXGroup;
			children = (
				BA1110A825EDB40C00B85F5B /* Resources */,
				BA1110A725EDB40500B85F5B /* Controllers */,
				BA1110A625EDB40000B85F5B /* Views */,
				BA11107C25EDB39200B85F5B /* Assets.xcassets */,
				BA11108425EDB39200B85F5B /* Info.plist */,
				BA11107E25EDB39200B85F5B /* Preview Content */,
			);
			path = Piggy;
			sourceTree = "<group>";
		};
		BA11107E25EDB39200B85F5B /* Preview Content */ = {
			isa = PBXGroup;
			children = (
				BA11107F25EDB39200B85F5B /* Preview Assets.xcassets */,
			);
			path = "Preview Content";
			sourceTree = "<group>";
		};
		BA11108C25EDB39200B85F5B /* PiggyTests */ = {
			isa = PBXGroup;
			children = (
				BA11108D25EDB39200B85F5B /* PiggyTests.swift */,
				BA11108F25EDB39200B85F5B /* Info.plist */,
			);
			path = PiggyTests;
			sourceTree = "<group>";
		};
		BA11109725EDB39200B85F5B /* PiggyUITests */ = {
			isa = PBXGroup;
			children = (
				BA11109825EDB39200B85F5B /* PiggyUITests.swift */,
				BA11109A25EDB39200B85F5B /* Info.plist */,
			);
			path = PiggyUITests;
			sourceTree = "<group>";
		};
		BA1110A625EDB40000B85F5B /* Views */ = {
			isa = PBXGroup;
			children = (
				BA11107A25EDB38E00B85F5B /* HomeContentView.swift */,
				BA1110A925EDB41500B85F5B /* Storyboards */,
			);
			path = Views;
			sourceTree = "<group>";
		};
		BA1110A725EDB40500B85F5B /* Controllers */ = {
			isa = PBXGroup;
			children = (
				BAEE60FA25F94C5F0075F7D4 /* Other */,
				BAEE60F925F94C320075F7D4 /* Core Tabs */,
			);
			path = Controllers;
			sourceTree = "<group>";
		};
		BA1110A825EDB40C00B85F5B /* Resources */ = {
			isa = PBXGroup;
			children = (
				BA11107625EDB38E00B85F5B /* AppDelegate.swift */,
				BA11107825EDB38E00B85F5B /* SceneDelegate.swift */,
			);
			path = Resources;
			sourceTree = "<group>";
		};
		BA1110A925EDB41500B85F5B /* Storyboards */ = {
			isa = PBXGroup;
			children = (
				BA11108125EDB39200B85F5B /* LaunchScreen.storyboard */,
				BAEE610E25F94F7C0075F7D4 /* Main.storyboard */,
			);
			path = Storyboards;
			sourceTree = "<group>";
		};
		BAEE60F925F94C320075F7D4 /* Core Tabs */ = {
			isa = PBXGroup;
			children = (
				BA1110AA25EDB5B100B85F5B /* HomeViewController.swift */,
				BAEE60F125F94B6C0075F7D4 /* ExploreViewController.swift */,
				BAEE60F325F94BAD0075F7D4 /* CameraViewController.swift */,
				BAEE60F525F94BFF0075F7D4 /* ProfileViewController.swift */,
				BAEE60F725F94C190075F7D4 /* NotificationsViewController.swift */,
			);
			path = "Core Tabs";
			sourceTree = "<group>";
		};
		BAEE60FA25F94C5F0075F7D4 /* Other */ = {
			isa = PBXGroup;
			children = (
				BAEE60FB25F94C660075F7D4 /* Onboarding */,
				BAEE610225F94D220075F7D4 /* EditProfileViewController.swift */,
				BAEE610025F94CEC0075F7D4 /* PostViewController.swift */,
				BAEE610425F94D3F0075F7D4 /* SettingsViewController.swift */,
				BAEE610625F94D4D0075F7D4 /* ListViewController.swift */,
				BAEE610825F94D5F0075F7D4 /* SearchViewController.swift */,
				BAEE610A25F94D710075F7D4 /* SearchResultViewController.swift */,
				BAEE610C25F94F150075F7D4 /* PublishPostViewController.swift */,
			);
			path = Other;
			sourceTree = "<group>";
		};
		BAEE60FB25F94C660075F7D4 /* Onboarding */ = {
			isa = PBXGroup;
			children = (
				BAEE60FC25F94C9B0075F7D4 /* LoginViewController.swift */,
				BAEE60FE25F94CCE0075F7D4 /* RegistrationViewController.swift */,
			);
			path = Onboarding;
			sourceTree = "<group>";
		};
/* End PBXGroup section */

/* Begin PBXNativeTarget section */
		BA11107225EDB38E00B85F5B /* Piggy */ = {
			isa = PBXNativeTarget;
			buildConfigurationList = BA11109D25EDB39200B85F5B /* Build configuration list for PBXNativeTarget "Piggy" */;
			buildPhases = (
				BA11106F25EDB38E00B85F5B /* Sources */,
				BA11107025EDB38E00B85F5B /* Frameworks */,
				BA11107125EDB38E00B85F5B /* Resources */,
			);
			buildRules = (
			);
			dependencies = (
			);
			name = Piggy;
			productName = Piggy;
			productReference = BA11107325EDB38E00B85F5B /* Piggy.app */;
			productType = "com.apple.product-type.application";
		};
		BA11108825EDB39200B85F5B /* PiggyTests */ = {
			isa = PBXNativeTarget;
			buildConfigurationList = BA1110A025EDB39200B85F5B /* Build configuration list for PBXNativeTarget "PiggyTests" */;
			buildPhases = (
				BA11108525EDB39200B85F5B /* Sources */,
				BA11108625EDB39200B85F5B /* Frameworks */,
				BA11108725EDB39200B85F5B /* Resources */,
			);
			buildRules = (
			);
			dependencies = (
				BA11108B25EDB39200B85F5B /* PBXTargetDependency */,
			);
			name = PiggyTests;
			productName = PiggyTests;
			productReference = BA11108925EDB39200B85F5B /* PiggyTests.xctest */;
			productType = "com.apple.product-type.bundle.unit-test";
		};
		BA11109325EDB39200B85F5B /* PiggyUITests */ = {
			isa = PBXNativeTarget;
			buildConfigurationList = BA1110A325EDB39200B85F5B /* Build configuration list for PBXNativeTarget "PiggyUITests" */;
			buildPhases = (
				BA11109025EDB39200B85F5B /* Sources */,
				BA11109125EDB39200B85F5B /* Frameworks */,
				BA11109225EDB39200B85F5B /* Resources */,
			);
			buildRules = (
			);
			dependencies = (
				BA11109625EDB39200B85F5B /* PBXTargetDependency */,
			);
			name = PiggyUITests;
			productName = PiggyUITests;
			productReference = BA11109425EDB39200B85F5B /* PiggyUITests.xctest */;
			productType = "com.apple.product-type.bundle.ui-testing";
		};
/* End PBXNativeTarget section */

/* Begin PBXProject section */
		BA11106B25EDB38E00B85F5B /* Project object */ = {
			isa = PBXProject;
			attributes = {
				LastSwiftUpdateCheck = 1140;
				LastUpgradeCheck = 1140;
				ORGANIZATIONNAME = "ludmyla almeida";
				TargetAttributes = {
					BA11107225EDB38E00B85F5B = {
						CreatedOnToolsVersion = 11.4;
					};
					BA11108825EDB39200B85F5B = {
						CreatedOnToolsVersion = 11.4;
						TestTargetID = BA11107225EDB38E00B85F5B;
					};
					BA11109325EDB39200B85F5B = {
						CreatedOnToolsVersion = 11.4;
						TestTargetID = BA11107225EDB38E00B85F5B;
					};
				};
			};
			buildConfigurationList = BA11106E25EDB38E00B85F5B /* Build configuration list for PBXProject "Piggy" */;
			compatibilityVersion = "Xcode 9.3";
			developmentRegion = en;
			hasScannedForEncodings = 0;
			knownRegions = (
				en,
				Base,
			);
			mainGroup = BA11106A25EDB38E00B85F5B;
			productRefGroup = BA11107425EDB38E00B85F5B /* Products */;
			projectDirPath = "";
			projectRoot = "";
			targets = (
				BA11107225EDB38E00B85F5B /* Piggy */,
				BA11108825EDB39200B85F5B /* PiggyTests */,
				BA11109325EDB39200B85F5B /* PiggyUITests */,
			);
		};
/* End PBXProject section */

/* Begin PBXResourcesBuildPhase section */
		BA11107125EDB38E00B85F5B /* Resources */ = {
			isa = PBXResourcesBuildPhase;
			buildActionMask = 2147483647;
			files = (
				BA11108325EDB39200B85F5B /* LaunchScreen.storyboard in Resources */,
				BA11108025EDB39200B85F5B /* Preview Assets.xcassets in Resources */,
				BA11107D25EDB39200B85F5B /* Assets.xcassets in Resources */,
				BAEE610F25F94F7C0075F7D4 /* Main.storyboard in Resources */,
			);
			runOnlyForDeploymentPostprocessing = 0;
		};
		BA11108725EDB39200B85F5B /* Resources */ = {
			isa = PBXResourcesBuildPhase;
			buildActionMask = 2147483647;
			files = (
			);
			runOnlyForDeploymentPostprocessing = 0;
		};
		BA11109225EDB39200B85F5B /* Resources */ = {
			isa = PBXResourcesBuildPhase;
			buildActionMask = 2147483647;
			files = (
			);
			runOnlyForDeploymentPostprocessing = 0;
		};
/* End PBXResourcesBuildPhase section */

/* Begin PBXSourcesBuildPhase section */
		BA11106F25EDB38E00B85F5B /* Sources */ = {
			isa = PBXSourcesBuildPhase;
			buildActionMask = 2147483647;
			files = (
				BAEE610925F94D5F0075F7D4 /* SearchViewController.swift in Sources */,
				BAEE60FD25F94C9B0075F7D4 /* LoginViewController.swift in Sources */,
				BAEE610D25F94F150075F7D4 /* PublishPostViewController.swift in Sources */,
				BA11107725EDB38E00B85F5B /* AppDelegate.swift in Sources */,
				BA11107925EDB38E00B85F5B /* SceneDelegate.swift in Sources */,
				BAEE60F225F94B6C0075F7D4 /* ExploreViewController.swift in Sources */,
				BAEE60FF25F94CCE0075F7D4 /* RegistrationViewController.swift in Sources */,
				BA11107B25EDB38E00B85F5B /* HomeContentView.swift in Sources */,
				BAEE610725F94D4D0075F7D4 /* ListViewController.swift in Sources */,
				BAEE60F625F94BFF0075F7D4 /* ProfileViewController.swift in Sources */,
				BA1110AB25EDB5B100B85F5B /* HomeViewController.swift in Sources */,
				BAEE610325F94D220075F7D4 /* EditProfileViewController.swift in Sources */,
				BAEE60F425F94BAD0075F7D4 /* CameraViewController.swift in Sources */,
				BAEE610525F94D3F0075F7D4 /* SettingsViewController.swift in Sources */,
				BAEE60F825F94C190075F7D4 /* NotificationsViewController.swift in Sources */,
				BAEE610B25F94D710075F7D4 /* SearchResultViewController.swift in Sources */,
				BAEE610125F94CEC0075F7D4 /* PostViewController.swift in Sources */,
			);
			runOnlyForDeploymentPostprocessing = 0;
		};
		BA11108525EDB39200B85F5B /* Sources */ = {
			isa = PBXSourcesBuildPhase;
			buildActionMask = 2147483647;
			files = (
				BA11108E25EDB39200B85F5B /* PiggyTests.swift in Sources */,
			);
			runOnlyForDeploymentPostprocessing = 0;
		};
		BA11109025EDB39200B85F5B /* Sources */ = {
			isa = PBXSourcesBuildPhase;
			buildActionMask = 2147483647;
			files = (
				BA11109925EDB39200B85F5B /* PiggyUITests.swift in Sources */,
			);
			runOnlyForDeploymentPostprocessing = 0;
		};
/* End PBXSourcesBuildPhase section */

/* Begin PBXTargetDependency section */
		BA11108B25EDB39200B85F5B /* PBXTargetDependency */ = {
			isa = PBXTargetDependency;
			target = BA11107225EDB38E00B85F5B /* Piggy */;
			targetProxy = BA11108A25EDB39200B85F5B /* PBXContainerItemProxy */;
		};
		BA11109625EDB39200B85F5B /* PBXTargetDependency */ = {
			isa = PBXTargetDependency;
			target = BA11107225EDB38E00B85F5B /* Piggy */;
			targetProxy = BA11109525EDB39200B85F5B /* PBXContainerItemProxy */;
		};
/* End PBXTargetDependency section */

/* Begin PBXVariantGroup section */
		BA11108125EDB39200B85F5B /* LaunchScreen.storyboard */ = {
			isa = PBXVariantGroup;
			children = (
				BA11108225EDB39200B85F5B /* Base */,
			);
			name = LaunchScreen.storyboard;
			sourceTree = "<group>";
		};
/* End PBXVariantGroup section */

/* Begin XCBuildConfiguration section */
		BA11109B25EDB39200B85F5B /* Debug */ = {
			isa = XCBuildConfiguration;
			buildSettings = {
				ALWAYS_SEARCH_USER_PATHS = NO;
				CLANG_ANALYZER_NONNULL = YES;
				CLANG_ANALYZER_NUMBER_OBJECT_CONVERSION = YES_AGGRESSIVE;
				CLANG_CXX_LANGUAGE_STANDARD = "gnu++14";
				CLANG_CXX_LIBRARY = "libc++";
				CLANG_ENABLE_MODULES = YES;
				CLANG_ENABLE_OBJC_ARC = YES;
				CLANG_ENABLE_OBJC_WEAK = YES;
				CLANG_WARN_BLOCK_CAPTURE_AUTORELEASING = YES;
				CLANG_WARN_BOOL_CONVERSION = YES;
				CLANG_WARN_COMMA = YES;
				CLANG_WARN_CONSTANT_CONVERSION = YES;
				CLANG_WARN_DEPRECATED_OBJC_IMPLEMENTATIONS = YES;
				CLANG_WARN_DIRECT_OBJC_ISA_USAGE = YES_ERROR;
				CLANG_WARN_DOCUMENTATION_COMMENTS = YES;
				CLANG_WARN_EMPTY_BODY = YES;
				CLANG_WARN_ENUM_CONVERSION = YES;
				CLANG_WARN_INFINITE_RECURSION = YES;
				CLANG_WARN_INT_CONVERSION = YES;
				CLANG_WARN_NON_LITERAL_NULL_CONVERSION = YES;
				CLANG_WARN_OBJC_IMPLICIT_RETAIN_SELF = YES;
				CLANG_WARN_OBJC_LITERAL_CONVERSION = YES;
				CLANG_WARN_OBJC_ROOT_CLASS = YES_ERROR;
				CLANG_WARN_RANGE_LOOP_ANALYSIS = YES;
				CLANG_WARN_STRICT_PROTOTYPES = YES;
				CLANG_WARN_SUSPICIOUS_MOVE = YES;
				CLANG_WARN_UNGUARDED_AVAILABILITY = YES_AGGRESSIVE;
				CLANG_WARN_UNREACHABLE_CODE = YES;
				CLANG_WARN__DUPLICATE_METHOD_MATCH = YES;
				COPY_PHASE_STRIP = NO;
				DEBUG_INFORMATION_FORMAT = dwarf;
				ENABLE_STRICT_OBJC_MSGSEND = YES;
				ENABLE_TESTABILITY = YES;
				GCC_C_LANGUAGE_STANDARD = gnu11;
				GCC_DYNAMIC_NO_PIC = NO;
				GCC_NO_COMMON_BLOCKS = YES;
				GCC_OPTIMIZATION_LEVEL = 0;
				GCC_PREPROCESSOR_DEFINITIONS = (
					"DEBUG=1",
					"$(inherited)",
				);
				GCC_WARN_64_TO_32_BIT_CONVERSION = YES;
				GCC_WARN_ABOUT_RETURN_TYPE = YES_ERROR;
				GCC_WARN_UNDECLARED_SELECTOR = YES;
				GCC_WARN_UNINITIALIZED_AUTOS = YES_AGGRESSIVE;
				GCC_WARN_UNUSED_FUNCTION = YES;
				GCC_WARN_UNUSED_VARIABLE = YES;
				IPHONEOS_DEPLOYMENT_TARGET = 13.4;
				MTL_ENABLE_DEBUG_INFO = INCLUDE_SOURCE;
				MTL_FAST_MATH = YES;
				ONLY_ACTIVE_ARCH = YES;
				SDKROOT = iphoneos;
				SWIFT_ACTIVE_COMPILATION_CONDITIONS = DEBUG;
				SWIFT_OPTIMIZATION_LEVEL = "-Onone";
			};
			name = Debug;
		};
		BA11109C25EDB39200B85F5B /* Release */ = {
			isa = XCBuildConfiguration;
			buildSettings = {
				ALWAYS_SEARCH_USER_PATHS = NO;
				CLANG_ANALYZER_NONNULL = YES;
				CLANG_ANALYZER_NUMBER_OBJECT_CONVERSION = YES_AGGRESSIVE;
				CLANG_CXX_LANGUAGE_STANDARD = "gnu++14";
				CLANG_CXX_LIBRARY = "libc++";
				CLANG_ENABLE_MODULES = YES;
				CLANG_ENABLE_OBJC_ARC = YES;
				CLANG_ENABLE_OBJC_WEAK = YES;
				CLANG_WARN_BLOCK_CAPTURE_AUTORELEASING = YES;
				CLANG_WARN_BOOL_CONVERSION = YES;
				CLANG_WARN_COMMA = YES;
				CLANG_WARN_CONSTANT_CONVERSION = YES;
				CLANG_WARN_DEPRECATED_OBJC_IMPLEMENTATIONS = YES;
				CLANG_WARN_DIRECT_OBJC_ISA_USAGE = YES_ERROR;
				CLANG_WARN_DOCUMENTATION_COMMENTS = YES;
				CLANG_WARN_EMPTY_BODY = YES;
				CLANG_WARN_ENUM_CONVERSION = YES;
				CLANG_WARN_INFINITE_RECURSION = YES;
				CLANG_WARN_INT_CONVERSION = YES;
				CLANG_WARN_NON_LITERAL_NULL_CONVERSION = YES;
				CLANG_WARN_OBJC_IMPLICIT_RETAIN_SELF = YES;
				CLANG_WARN_OBJC_LITERAL_CONVERSION = YES;
				CLANG_WARN_OBJC_ROOT_CLASS = YES_ERROR;
				CLANG_WARN_RANGE_LOOP_ANALYSIS = YES;
				CLANG_WARN_STRICT_PROTOTYPES = YES;
				CLANG_WARN_SUSPICIOUS_MOVE = YES;
				CLANG_WARN_UNGUARDED_AVAILABILITY = YES_AGGRESSIVE;
				CLANG_WARN_UNREACHABLE_CODE = YES;
				CLANG_WARN__DUPLICATE_METHOD_MATCH = YES;
				COPY_PHASE_STRIP = NO;
				DEBUG_INFORMATION_FORMAT = "dwarf-with-dsym";
				ENABLE_NS_ASSERTIONS = NO;
				ENABLE_STRICT_OBJC_MSGSEND = YES;
				GCC_C_LANGUAGE_STANDARD = gnu11;
				GCC_NO_COMMON_BLOCKS = YES;
				GCC_WARN_64_TO_32_BIT_CONVERSION = YES;
				GCC_WARN_ABOUT_RETURN_TYPE = YES_ERROR;
				GCC_WARN_UNDECLARED_SELECTOR = YES;
				GCC_WARN_UNINITIALIZED_AUTOS = YES_AGGRESSIVE;
				GCC_WARN_UNUSED_FUNCTION = YES;
				GCC_WARN_UNUSED_VARIABLE = YES;
				IPHONEOS_DEPLOYMENT_TARGET = 13.4;
				MTL_ENABLE_DEBUG_INFO = NO;
				MTL_FAST_MATH = YES;
				SDKROOT = iphoneos;
				SWIFT_COMPILATION_MODE = wholemodule;
				SWIFT_OPTIMIZATION_LEVEL = "-O";
				VALIDATE_PRODUCT = YES;
			};
			name = Release;
		};
		BA11109E25EDB39200B85F5B /* Debug */ = {
			isa = XCBuildConfiguration;
			buildSettings = {
				ASSETCATALOG_COMPILER_APPICON_NAME = AppIcon;
				CODE_SIGN_STYLE = Automatic;
				DEVELOPMENT_ASSET_PATHS = "\"Piggy/Preview Content\"";
				ENABLE_PREVIEWS = YES;
				INFOPLIST_FILE = Piggy/Info.plist;
				LD_RUNPATH_SEARCH_PATHS = (
					"$(inherited)",
					"@executable_path/Frameworks",
				);
				PRODUCT_BUNDLE_IDENTIFIER = Piggy.Piggy;
				PRODUCT_NAME = "$(TARGET_NAME)";
				SWIFT_VERSION = 5.0;
				TARGETED_DEVICE_FAMILY = "1,2";
			};
			name = Debug;
		};
		BA11109F25EDB39200B85F5B /* Release */ = {
			isa = XCBuildConfiguration;
			buildSettings = {
				ASSETCATALOG_COMPILER_APPICON_NAME = AppIcon;
				CODE_SIGN_STYLE = Automatic;
				DEVELOPMENT_ASSET_PATHS = "\"Piggy/Preview Content\"";
				ENABLE_PREVIEWS = YES;
				INFOPLIST_FILE = Piggy/Info.plist;
				LD_RUNPATH_SEARCH_PATHS = (
					"$(inherited)",
					"@executable_path/Frameworks",
				);
				PRODUCT_BUNDLE_IDENTIFIER = Piggy.Piggy;
				PRODUCT_NAME = "$(TARGET_NAME)";
				SWIFT_VERSION = 5.0;
				TARGETED_DEVICE_FAMILY = "1,2";
			};
			name = Release;
		};
		BA1110A125EDB39200B85F5B /* Debug */ = {
			isa = XCBuildConfiguration;
			buildSettings = {
				ALWAYS_EMBED_SWIFT_STANDARD_LIBRARIES = YES;
				BUNDLE_LOADER = "$(TEST_HOST)";
				CODE_SIGN_STYLE = Automatic;
				INFOPLIST_FILE = PiggyTests/Info.plist;
				IPHONEOS_DEPLOYMENT_TARGET = 13.4;
				LD_RUNPATH_SEARCH_PATHS = (
					"$(inherited)",
					"@executable_path/Frameworks",
					"@loader_path/Frameworks",
				);
				PRODUCT_BUNDLE_IDENTIFIER = Piggy.PiggyTests;
				PRODUCT_NAME = "$(TARGET_NAME)";
				SWIFT_VERSION = 5.0;
				TARGETED_DEVICE_FAMILY = "1,2";
				TEST_HOST = "$(BUILT_PRODUCTS_DIR)/Piggy.app/Piggy";
			};
			name = Debug;
		};
		BA1110A225EDB39200B85F5B /* Release */ = {
			isa = XCBuildConfiguration;
			buildSettings = {
				ALWAYS_EMBED_SWIFT_STANDARD_LIBRARIES = YES;
				BUNDLE_LOADER = "$(TEST_HOST)";
				CODE_SIGN_STYLE = Automatic;
				INFOPLIST_FILE = PiggyTests/Info.plist;
				IPHONEOS_DEPLOYMENT_TARGET = 13.4;
				LD_RUNPATH_SEARCH_PATHS = (
					"$(inherited)",
					"@executable_path/Frameworks",
					"@loader_path/Frameworks",
				);
				PRODUCT_BUNDLE_IDENTIFIER = Piggy.PiggyTests;
				PRODUCT_NAME = "$(TARGET_NAME)";
				SWIFT_VERSION = 5.0;
				TARGETED_DEVICE_FAMILY = "1,2";
				TEST_HOST = "$(BUILT_PRODUCTS_DIR)/Piggy.app/Piggy";
			};
			name = Release;
		};
		BA1110A425EDB39200B85F5B /* Debug */ = {
			isa = XCBuildConfiguration;
			buildSettings = {
				ALWAYS_EMBED_SWIFT_STANDARD_LIBRARIES = YES;
				CODE_SIGN_STYLE = Automatic;
				INFOPLIST_FILE = PiggyUITests/Info.plist;
				LD_RUNPATH_SEARCH_PATHS = (
					"$(inherited)",
					"@executable_path/Frameworks",
					"@loader_path/Frameworks",
				);
				PRODUCT_BUNDLE_IDENTIFIER = Piggy.PiggyUITests;
				PRODUCT_NAME = "$(TARGET_NAME)";
				SWIFT_VERSION = 5.0;
				TARGETED_DEVICE_FAMILY = "1,2";
				TEST_TARGET_NAME = Piggy;
			};
			name = Debug;
		};
		BA1110A525EDB39200B85F5B /* Release */ = {
			isa = XCBuildConfiguration;
			buildSettings = {
				ALWAYS_EMBED_SWIFT_STANDARD_LIBRARIES = YES;
				CODE_SIGN_STYLE = Automatic;
				INFOPLIST_FILE = PiggyUITests/Info.plist;
				LD_RUNPATH_SEARCH_PATHS = (
					"$(inherited)",
					"@executable_path/Frameworks",
					"@loader_path/Frameworks",
				);
				PRODUCT_BUNDLE_IDENTIFIER = Piggy.PiggyUITests;
				PRODUCT_NAME = "$(TARGET_NAME)";
				SWIFT_VERSION = 5.0;
				TARGETED_DEVICE_FAMILY = "1,2";
				TEST_TARGET_NAME = Piggy;
			};
			name = Release;
		};
/* End XCBuildConfiguration section */

/* Begin XCConfigurationList section */
		BA11106E25EDB38E00B85F5B /* Build configuration list for PBXProject "Piggy" */ = {
			isa = XCConfigurationList;
			buildConfigurations = (
				BA11109B25EDB39200B85F5B /* Debug */,
				BA11109C25EDB39200B85F5B /* Release */,
			);
			defaultConfigurationIsVisible = 0;
			defaultConfigurationName = Release;
		};
		BA11109D25EDB39200B85F5B /* Build configuration list for PBXNativeTarget "Piggy" */ = {
			isa = XCConfigurationList;
			buildConfigurations = (
				BA11109E25EDB39200B85F5B /* Debug */,
				BA11109F25EDB39200B85F5B /* Release */,
			);
			defaultConfigurationIsVisible = 0;
			defaultConfigurationName = Release;
		};
		BA1110A025EDB39200B85F5B /* Build configuration list for PBXNativeTarget "PiggyTests" */ = {
			isa = XCConfigurationList;
			buildConfigurations = (
				BA1110A125EDB39200B85F5B /* Debug */,
				BA1110A225EDB39200B85F5B /* Release */,
			);
			defaultConfigurationIsVisible = 0;
			defaultConfigurationName = Release;
		};
		BA1110A325EDB39200B85F5B /* Build configuration list for PBXNativeTarget "PiggyUITests" */ = {
			isa = XCConfigurationList;
			buildConfigurations = (
				BA1110A425EDB39200B85F5B /* Debug */,
				BA1110A525EDB39200B85F5B /* Release */,
			);
			defaultConfigurationIsVisible = 0;
			defaultConfigurationName = Release;
		};
/* End XCConfigurationList section */
	};
	rootObject = BA11106B25EDB38E00B85F5B /* Project object */;
}
